
Microsoft Visual Studio Solution File, Format Version 12.00
# Visual Studio Version 16
VisualStudioVersion = 16.0.30523.141
MinimumVisualStudioVersion = 10.0.40219.1
Project("{FAE04EC0-301F-11D3-BF4B-00C04F79EFBC}") = "AirAsatanaWebAPI", "AirAsatanaTask\AirAsatanaWebAPI.csproj", "{8D14DED2-50D4-4C8C-B780-4C080697825A}"
EndProject
Global
	GlobalSection(SolutionConfigurationPlatforms) = preSolution
		Debug|Any CPU = Debug|Any CPU
		Release|Any CPU = Release|Any CPU
	EndGlobalSection
	GlobalSection(ProjectConfigurationPlatforms) = postSolution
		{8D14DED2-50D4-4C8C-B780-4C080697825A}.Debug|Any CPU.ActiveCfg = Debug|Any CPU
		{8D14DED2-50D4-4C8C-B780-4C080697825A}.Debug|Any CPU.Build.0 = Debug|Any CPU
		{8D14DED2-50D4-4C8C-B780-4C080697825A}.Release|Any CPU.ActiveCfg = Release|Any CPU
		{8D14DED2-50D4-4C8C-B780-4C080697825A}.Release|Any CPU.Build.0 = Release|Any CPU
	EndGlobalSection
	GlobalSection(SolutionProperties) = preSolution
		HideSolutionNode = FALSE
	EndGlobalSection
	GlobalSection(ExtensibilityGlobals) = postSolution
		SolutionGuid = {E64C710F-3B23-47CF-BE6B-5D0C373405F2}
	EndGlobalSection
EndGlobal
